
Microsoft Visual Studio Solution File, Format Version 12.00
# Visual Studio Version 17
VisualStudioVersion = 17.14.36511.14 d17.14
MinimumVisualStudioVersion = 10.0.40219.1
Project("{FAE04EC0-301F-11D3-BF4B-00C04F79EFBC}") = "PrintingOrderManager.Core", "PrintingOrderManager.Core\PrintingOrderManager.Core.csproj", "{1B51A2BC-C36D-4EAF-8D25-E3BAA92BF01E}"
EndProject
Project("{FAE04EC0-301F-11D3-BF4B-00C04F79EFBC}") = "PrintingOrderManager.Application", "PrintingOrderManager.Application\PrintingOrderManager.Application.csproj", "{555BF44B-3E1F-4103-A260-4CA4AB160017}"
EndProject
Project("{FAE04EC0-301F-11D3-BF4B-00C04F79EFBC}") = "PrintingOrderManager.Infrastructure", "PrintingOrderManager.Infrastructure\PrintingOrderManager.Infrastructure.csproj", "{787B73A4-F698-4D9F-B095-CFC1B05D4A8B}"
EndProject
Project("{FAE04EC0-301F-11D3-BF4B-00C04F79EFBC}") = "PrintingOrderManager.Web", "PrintingOrderManager.Web\PrintingOrderManager.Web.csproj", "{DF17355F-3BF6-46ED-9DCE-187FF0C467F2}"
EndProject
Global
	GlobalSection(SolutionConfigurationPlatforms) = preSolution
		Debug|Any CPU = Debug|Any CPU
		Release|Any CPU = Release|Any CPU
	EndGlobalSection
	GlobalSection(ProjectConfigurationPlatforms) = postSolution
		{1B51A2BC-C36D-4EAF-8D25-E3BAA92BF01E}.Debug|Any CPU.ActiveCfg = Debug|Any CPU
		{1B51A2BC-C36D-4EAF-8D25-E3BAA92BF01E}.Debug|Any CPU.Build.0 = Debug|Any CPU
		{1B51A2BC-C36D-4EAF-8D25-E3BAA92BF01E}.Release|Any CPU.ActiveCfg = Release|Any CPU
		{1B51A2BC-C36D-4EAF-8D25-E3BAA92BF01E}.Release|Any CPU.Build.0 = Release|Any CPU
		{555BF44B-3E1F-4103-A260-4CA4AB160017}.Debug|Any CPU.ActiveCfg = Debug|Any CPU
		{555BF44B-3E1F-4103-A260-4CA4AB160017}.Debug|Any CPU.Build.0 = Debug|Any CPU
		{555BF44B-3E1F-4103-A260-4CA4AB160017}.Release|Any CPU.ActiveCfg = Release|Any CPU
		{555BF44B-3E1F-4103-A260-4CA4AB160017}.Release|Any CPU.Build.0 = Release|Any CPU
		{787B73A4-F698-4D9F-B095-CFC1B05D4A8B}.Debug|Any CPU.ActiveCfg = Debug|Any CPU
		{787B73A4-F698-4D9F-B095-CFC1B05D4A8B}.Debug|Any CPU.Build.0 = Debug|Any CPU
		{787B73A4-F698-4D9F-B095-CFC1B05D4A8B}.Release|Any CPU.ActiveCfg = Release|Any CPU
		{787B73A4-F698-4D9F-B095-CFC1B05D4A8B}.Release|Any CPU.Build.0 = Release|Any CPU
		{DF17355F-3BF6-46ED-9DCE-187FF0C467F2}.Debug|Any CPU.ActiveCfg = Debug|Any CPU
		{DF17355F-3BF6-46ED-9DCE-187FF0C467F2}.Debug|Any CPU.Build.0 = Debug|Any CPU
		{DF17355F-3BF6-46ED-9DCE-187FF0C467F2}.Release|Any CPU.ActiveCfg = Release|Any CPU
		{DF17355F-3BF6-46ED-9DCE-187FF0C467F2}.Release|Any CPU.Build.0 = Release|Any CPU
	EndGlobalSection
	GlobalSection(SolutionProperties) = preSolution
		HideSolutionNode = FALSE
	EndGlobalSection
	GlobalSection(ExtensibilityGlobals) = postSolution
		SolutionGuid = {6BA0B752-E0B6-4014-9D1F-A3260FA2D7D4}
	EndGlobalSection
EndGlobal
